
Microsoft Visual Studio Solution File, Format Version 12.00
# Visual Studio 2013
VisualStudioVersion = 12.0.21005.1
MinimumVisualStudioVersion = 10.0.40219.1
Project("{FAE04EC0-301F-11D3-BF4B-00C04F79EFBC}") = "GenericAndCollecotion", "GenericAndCollecotion\GenericAndCollecotion.csproj", "{117FE27D-A16F-44E0-927A-8E1C24FACA70}"
EndProject
Global
	GlobalSection(SolutionConfigurationPlatforms) = preSolution
		Debug|Any CPU = Debug|Any CPU
		Release|Any CPU = Release|Any CPU
	EndGlobalSection
	GlobalSection(ProjectConfigurationPlatforms) = postSolution
		{117FE27D-A16F-44E0-927A-8E1C24FACA70}.Debug|Any CPU.ActiveCfg = Debug|Any CPU
		{117FE27D-A16F-44E0-927A-8E1C24FACA70}.Debug|Any CPU.Build.0 = Debug|Any CPU
		{117FE27D-A16F-44E0-927A-8E1C24FACA70}.Release|Any CPU.ActiveCfg = Release|Any CPU
		{117FE27D-A16F-44E0-927A-8E1C24FACA70}.Release|Any CPU.Build.0 = Release|Any CPU
	EndGlobalSection
	GlobalSection(SolutionProperties) = preSolution
		HideSolutionNode = FALSE
	EndGlobalSection
EndGlobal
