
Microsoft Visual Studio Solution File, Format Version 12.00
# Visual Studio 2013
VisualStudioVersion = 12.0.21005.1
MinimumVisualStudioVersion = 10.0.40219.1
Project("{FAE04EC0-301F-11D3-BF4B-00C04F79EFBC}") = "DataClassStudy", "DataClassStudy\DataClassStudy.csproj", "{549A26AB-4F6E-4AE9-BDB0-89A9E4119D1A}"
EndProject
Global
	GlobalSection(SolutionConfigurationPlatforms) = preSolution
		Debug|Any CPU = Debug|Any CPU
		Release|Any CPU = Release|Any CPU
	EndGlobalSection
	GlobalSection(ProjectConfigurationPlatforms) = postSolution
		{549A26AB-4F6E-4AE9-BDB0-89A9E4119D1A}.Debug|Any CPU.ActiveCfg = Debug|Any CPU
		{549A26AB-4F6E-4AE9-BDB0-89A9E4119D1A}.Debug|Any CPU.Build.0 = Debug|Any CPU
		{549A26AB-4F6E-4AE9-BDB0-89A9E4119D1A}.Release|Any CPU.ActiveCfg = Release|Any CPU
		{549A26AB-4F6E-4AE9-BDB0-89A9E4119D1A}.Release|Any CPU.Build.0 = Release|Any CPU
	EndGlobalSection
	GlobalSection(SolutionProperties) = preSolution
		HideSolutionNode = FALSE
	EndGlobalSection
EndGlobal
