
Microsoft Visual Studio Solution File, Format Version 12.00
# Visual Studio 2013
VisualStudioVersion = 12.0.21005.1
MinimumVisualStudioVersion = 10.0.40219.1
Project("{FAE04EC0-301F-11D3-BF4B-00C04F79EFBC}") = "BinarySerialization", "BinarySerialization\BinarySerialization.csproj", "{2A16C8F0-3FCB-4C95-BAEF-69482CA094B0}"
EndProject
Global
	GlobalSection(SolutionConfigurationPlatforms) = preSolution
		Debug|Any CPU = Debug|Any CPU
		Release|Any CPU = Release|Any CPU
	EndGlobalSection
	GlobalSection(ProjectConfigurationPlatforms) = postSolution
		{2A16C8F0-3FCB-4C95-BAEF-69482CA094B0}.Debug|Any CPU.ActiveCfg = Debug|Any CPU
		{2A16C8F0-3FCB-4C95-BAEF-69482CA094B0}.Debug|Any CPU.Build.0 = Debug|Any CPU
		{2A16C8F0-3FCB-4C95-BAEF-69482CA094B0}.Release|Any CPU.ActiveCfg = Release|Any CPU
		{2A16C8F0-3FCB-4C95-BAEF-69482CA094B0}.Release|Any CPU.Build.0 = Release|Any CPU
	EndGlobalSection
	GlobalSection(SolutionProperties) = preSolution
		HideSolutionNode = FALSE
	EndGlobalSection
EndGlobal
